// !$*UTF8*$!
{
	archiveVersion = 1;
	classes = {
	};
	objectVersion = 46;
	objects = {

/* Begin PBXBuildFile section */
		219A73441B951EF5008BAFE6 /* Traffic.png in Resources */ = {isa = PBXBuildFile; fileRef = 219A73431B951EF5008BAFE6 /* Traffic.png */; };
		850465931BA7E4A700F6596A /* SideBar.swift in Sources */ = {isa = PBXBuildFile; fileRef = 850465911BA7E4A700F6596A /* SideBar.swift */; };
		850465941BA7E4A700F6596A /* SideBarTableViewController.swift in Sources */ = {isa = PBXBuildFile; fileRef = 850465921BA7E4A700F6596A /* SideBarTableViewController.swift */; };
		8509B5091B4CA225001C4AE8 /* detailViewController.swift in Sources */ = {isa = PBXBuildFile; fileRef = 8509B5081B4CA225001C4AE8 /* detailViewController.swift */; };
		850A45DF1B6C4240008D30E0 /* Resturant.swift in Sources */ = {isa = PBXBuildFile; fileRef = 850A45DE1B6C4240008D30E0 /* Resturant.swift */; };
		850A45E11B6C790A008D30E0 /* YelpBusiness.swift in Sources */ = {isa = PBXBuildFile; fileRef = 850A45E01B6C790A008D30E0 /* YelpBusiness.swift */; };
		852853EC1BA896C400DFB788 /* SWRevealViewController.m in Sources */ = {isa = PBXBuildFile; fileRef = 852853EB1BA896C400DFB788 /* SWRevealViewController.m */; };
		852853F41BA8BCE400DFB788 /* BackTableVC.swift in Sources */ = {isa = PBXBuildFile; fileRef = 852853F31BA8BCE400DFB788 /* BackTableVC.swift */; };
		8550DE2B1B47478F0074A71C /* AppDelegate.swift in Sources */ = {isa = PBXBuildFile; fileRef = 8550DE2A1B47478F0074A71C /* AppDelegate.swift */; };
		8550DE2D1B47478F0074A71C /* ViewController.swift in Sources */ = {isa = PBXBuildFile; fileRef = 8550DE2C1B47478F0074A71C /* ViewController.swift */; };
		8550DE301B47478F0074A71C /* Main.storyboard in Resources */ = {isa = PBXBuildFile; fileRef = 8550DE2E1B47478F0074A71C /* Main.storyboard */; };
		8550DE321B47478F0074A71C /* Images.xcassets in Resources */ = {isa = PBXBuildFile; fileRef = 8550DE311B47478F0074A71C /* Images.xcassets */; };
		8550DE351B47478F0074A71C /* LaunchScreen.xib in Resources */ = {isa = PBXBuildFile; fileRef = 8550DE331B47478F0074A71C /* LaunchScreen.xib */; };
		8550DE411B47478F0074A71C /* Park__N_GoTests.swift in Sources */ = {isa = PBXBuildFile; fileRef = 8550DE401B47478F0074A71C /* Park__N_GoTests.swift */; };
		8550DE4B1B4749FA0074A71C /* CoreLocation.framework in Frameworks */ = {isa = PBXBuildFile; fileRef = 8550DE4A1B4749FA0074A71C /* CoreLocation.framework */; };
		85556FB31BA3D4F40011C401 /* SettingsTableViewController.swift in Sources */ = {isa = PBXBuildFile; fileRef = 85556FB21BA3D4F40011C401 /* SettingsTableViewController.swift */; };
		855980F31B5B4E9A0071F120 /* (null) in Sources */ = {isa = PBXBuildFile; };
		85630AB41B4E0144000DE1BD /* VCDetailMapView.swift in Sources */ = {isa = PBXBuildFile; fileRef = 85630AB31B4E0144000DE1BD /* VCDetailMapView.swift */; };
		857C5D331B9AAD99004796AF /* DistanceTableViewCell.swift in Sources */ = {isa = PBXBuildFile; fileRef = 857C5D321B9AAD99004796AF /* DistanceTableViewCell.swift */; };
		857C5D351B9AADC1004796AF /* ETATableViewCell.swift in Sources */ = {isa = PBXBuildFile; fileRef = 857C5D341B9AADC1004796AF /* ETATableViewCell.swift */; };
		85A7B59C1B504D6200EE0611 /* AttractionsVC.swift in Sources */ = {isa = PBXBuildFile; fileRef = 85A7B59B1B504D6200EE0611 /* AttractionsVC.swift */; };
		85A7B5A81B508B1000EE0611 /* AttractionsDetailViewController.swift in Sources */ = {isa = PBXBuildFile; fileRef = 85A7B5A71B508B1000EE0611 /* AttractionsDetailViewController.swift */; };
		85BED0DA1B6EF56500413EE4 /* categories.json in Resources */ = {isa = PBXBuildFile; fileRef = 85BED0D91B6EF56500413EE4 /* categories.json */; };
		85C7E0361B6C3D3C00E2F3A2 /* YelpClient.swift in Sources */ = {isa = PBXBuildFile; fileRef = 85C7E0351B6C3D3C00E2F3A2 /* YelpClient.swift */; };
		85DC1B4C1B54E6C500DA8ABB /* CustomCategoryCell.swift in Sources */ = {isa = PBXBuildFile; fileRef = 85DC1B4B1B54E6C500DA8ABB /* CustomCategoryCell.swift */; };
		85DC42DF1B9149A800CB72B2 /* YelpTableViewController.swift in Sources */ = {isa = PBXBuildFile; fileRef = 85DC42DE1B9149A800CB72B2 /* YelpTableViewController.swift */; };
		85DC42E21B914B8A00CB72B2 /* YelpTableBusinessCell.swift in Sources */ = {isa = PBXBuildFile; fileRef = 85DC42E11B914B8A00CB72B2 /* YelpTableBusinessCell.swift */; };
		85DC42E41B915BBD00CB72B2 /* Business.swift in Sources */ = {isa = PBXBuildFile; fileRef = 85DC42E31B915BBD00CB72B2 /* Business.swift */; };
		85DCCFFB1B54A32100188C4D /* CustomCellTableViewCell.swift in Sources */ = {isa = PBXBuildFile; fileRef = 85DCCFFA1B54A32100188C4D /* CustomCellTableViewCell.swift */; };
		85DCCFFD1B54A52F00188C4D /* CategoryModel.swift in Sources */ = {isa = PBXBuildFile; fileRef = 85DCCFFC1B54A52F00188C4D /* CategoryModel.swift */; };
		85E84C4D1B4C35C300614FB3 /* VCMapView.swift in Sources */ = {isa = PBXBuildFile; fileRef = 85E84C4C1B4C35C300614FB3 /* VCMapView.swift */; };
		85E84C511B4C60DB00614FB3 /* Annotation.swift in Sources */ = {isa = PBXBuildFile; fileRef = 85E84C501B4C60DB00614FB3 /* Annotation.swift */; };
		85EC7B9C1B92EFCA0042FF5B /* PinnedLocationTableViewCell.swift in Sources */ = {isa = PBXBuildFile; fileRef = 85EC7B9B1B92EFCA0042FF5B /* PinnedLocationTableViewCell.swift */; };
		85FE497D1B922DEA00820FC4 /* RedoneShape.png in Resources */ = {isa = PBXBuildFile; fileRef = 85FE497C1B922DEA00820FC4 /* RedoneShape.png */; };
		85FE497F1B922F0A00820FC4 /* ExampleBusiness in Resources */ = {isa = PBXBuildFile; fileRef = 85FE497E1B922F0A00820FC4 /* ExampleBusiness */; };
		85FE49811B9232EC00820FC4 /* blur background.png in Resources */ = {isa = PBXBuildFile; fileRef = 85FE49801B9232EC00820FC4 /* blur background.png */; };
		85FE49831B92333200820FC4 /* BlackBackgroundWithBlurr.pdf in Resources */ = {isa = PBXBuildFile; fileRef = 85FE49821B92333200820FC4 /* BlackBackgroundWithBlurr.pdf */; };
		85FE49851B923D8100820FC4 /* YelpInfoDirectionCell.swift in Sources */ = {isa = PBXBuildFile; fileRef = 85FE49841B923D8100820FC4 /* YelpInfoDirectionCell.swift */; };
		85FE49871B923D9700820FC4 /* YelpInfoContactCell.swift in Sources */ = {isa = PBXBuildFile; fileRef = 85FE49861B923D9700820FC4 /* YelpInfoContactCell.swift */; };
		85FE49891B923DA800820FC4 /* YelpInfoInfoCell.swift in Sources */ = {isa = PBXBuildFile; fileRef = 85FE49881B923DA800820FC4 /* YelpInfoInfoCell.swift */; };
		ED79BBF91EDE9166BE9DDE3A /* libPods-Park 'N Go.a in Frameworks */ = {isa = PBXBuildFile; fileRef = AC0035E26DF0CA88F2345514 /* libPods-Park 'N Go.a */; };
/* End PBXBuildFile section */

/* Begin PBXContainerItemProxy section */
		8550DE3B1B47478F0074A71C /* PBXContainerItemProxy */ = {
			isa = PBXContainerItemProxy;
			containerPortal = 8550DE1D1B47478F0074A71C /* Project object */;
			proxyType = 1;
			remoteGlobalIDString = 8550DE241B47478F0074A71C;
			remoteInfo = "Park 'N Go";
		};
/* End PBXContainerItemProxy section */

/* Begin PBXFileReference section */
		219A73431B951EF5008BAFE6 /* Traffic.png */ = {isa = PBXFileReference; lastKnownFileType = image.png; name = Traffic.png; path = "UI Assets/Traffic.png"; sourceTree = SOURCE_ROOT; };
		48083750E2C542F3A1308F6F /* Pods-Park 'N Go.debug.xcconfig */ = {isa = PBXFileReference; includeInIndex = 1; lastKnownFileType = text.xcconfig; name = "Pods-Park 'N Go.debug.xcconfig"; path = "Pods/Target Support Files/Pods-Park 'N Go/Pods-Park 'N Go.debug.xcconfig"; sourceTree = "<group>"; };
		612978662B9A9602632F4E0D /* Pods-Park 'N Go.release.xcconfig */ = {isa = PBXFileReference; includeInIndex = 1; lastKnownFileType = text.xcconfig; name = "Pods-Park 'N Go.release.xcconfig"; path = "Pods/Target Support Files/Pods-Park 'N Go/Pods-Park 'N Go.release.xcconfig"; sourceTree = "<group>"; };
		850465911BA7E4A700F6596A /* SideBar.swift */ = {isa = PBXFileReference; fileEncoding = 4; lastKnownFileType = sourcecode.swift; path = SideBar.swift; sourceTree = "<group>"; };
		850465921BA7E4A700F6596A /* SideBarTableViewController.swift */ = {isa = PBXFileReference; fileEncoding = 4; lastKnownFileType = sourcecode.swift; path = SideBarTableViewController.swift; sourceTree = "<group>"; };
		8509B5081B4CA225001C4AE8 /* detailViewController.swift */ = {isa = PBXFileReference; fileEncoding = 4; lastKnownFileType = sourcecode.swift; path = detailViewController.swift; sourceTree = "<group>"; };
		850A45DE1B6C4240008D30E0 /* Resturant.swift */ = {isa = PBXFileReference; fileEncoding = 4; lastKnownFileType = sourcecode.swift; path = Resturant.swift; sourceTree = "<group>"; };
		850A45E01B6C790A008D30E0 /* YelpBusiness.swift */ = {isa = PBXFileReference; fileEncoding = 4; lastKnownFileType = sourcecode.swift; path = YelpBusiness.swift; sourceTree = "<group>"; };
		852853EA1BA896C400DFB788 /* SWRevealViewController.h */ = {isa = PBXFileReference; fileEncoding = 4; lastKnownFileType = sourcecode.c.h; path = SWRevealViewController.h; sourceTree = "<group>"; };
		852853EB1BA896C400DFB788 /* SWRevealViewController.m */ = {isa = PBXFileReference; fileEncoding = 4; lastKnownFileType = sourcecode.c.objc; path = SWRevealViewController.m; sourceTree = "<group>"; };
		852853F31BA8BCE400DFB788 /* BackTableVC.swift */ = {isa = PBXFileReference; fileEncoding = 4; lastKnownFileType = sourcecode.swift; path = BackTableVC.swift; sourceTree = "<group>"; };
		8550DE251B47478F0074A71C /* Park 'N Go.app */ = {isa = PBXFileReference; explicitFileType = wrapper.application; includeInIndex = 0; path = "Park 'N Go.app"; sourceTree = BUILT_PRODUCTS_DIR; };
		8550DE291B47478F0074A71C /* Info.plist */ = {isa = PBXFileReference; lastKnownFileType = text.plist.xml; path = Info.plist; sourceTree = "<group>"; };
		8550DE2A1B47478F0074A71C /* AppDelegate.swift */ = {isa = PBXFileReference; lastKnownFileType = sourcecode.swift; path = AppDelegate.swift; sourceTree = "<group>"; };
		8550DE2C1B47478F0074A71C /* ViewController.swift */ = {isa = PBXFileReference; lastKnownFileType = sourcecode.swift; path = ViewController.swift; sourceTree = "<group>"; };
		8550DE2F1B47478F0074A71C /* Base */ = {isa = PBXFileReference; lastKnownFileType = file.storyboard; name = Base; path = Base.lproj/Main.storyboard; sourceTree = "<group>"; };
		8550DE311B47478F0074A71C /* Images.xcassets */ = {isa = PBXFileReference; lastKnownFileType = folder.assetcatalog; path = Images.xcassets; sourceTree = "<group>"; };
		8550DE341B47478F0074A71C /* Base */ = {isa = PBXFileReference; lastKnownFileType = file.xib; name = Base; path = Base.lproj/LaunchScreen.xib; sourceTree = "<group>"; };
		8550DE3A1B47478F0074A71C /* Park 'N GoTests.xctest */ = {isa = PBXFileReference; explicitFileType = wrapper.cfbundle; includeInIndex = 0; path = "Park 'N GoTests.xctest"; sourceTree = BUILT_PRODUCTS_DIR; };
		8550DE3F1B47478F0074A71C /* Info.plist */ = {isa = PBXFileReference; lastKnownFileType = text.plist.xml; path = Info.plist; sourceTree = "<group>"; };
		8550DE401B47478F0074A71C /* Park__N_GoTests.swift */ = {isa = PBXFileReference; lastKnownFileType = sourcecode.swift; path = Park__N_GoTests.swift; sourceTree = "<group>"; };
		8550DE4A1B4749FA0074A71C /* CoreLocation.framework */ = {isa = PBXFileReference; lastKnownFileType = wrapper.framework; name = CoreLocation.framework; path = System/Library/Frameworks/CoreLocation.framework; sourceTree = SDKROOT; };
		85556FB21BA3D4F40011C401 /* SettingsTableViewController.swift */ = {isa = PBXFileReference; fileEncoding = 4; lastKnownFileType = sourcecode.swift; path = SettingsTableViewController.swift; sourceTree = "<group>"; };
		85630AB31B4E0144000DE1BD /* VCDetailMapView.swift */ = {isa = PBXFileReference; fileEncoding = 4; lastKnownFileType = sourcecode.swift; path = VCDetailMapView.swift; sourceTree = "<group>"; };
		8579AEB71B5E155C00BFBCF0 /* Park 'N Go-Bridging-Header.h */ = {isa = PBXFileReference; fileEncoding = 4; lastKnownFileType = sourcecode.c.h; path = "Park 'N Go-Bridging-Header.h"; sourceTree = "<group>"; };
		857C5D321B9AAD99004796AF /* DistanceTableViewCell.swift */ = {isa = PBXFileReference; fileEncoding = 4; lastKnownFileType = sourcecode.swift; path = DistanceTableViewCell.swift; sourceTree = "<group>"; };
		857C5D341B9AADC1004796AF /* ETATableViewCell.swift */ = {isa = PBXFileReference; fileEncoding = 4; lastKnownFileType = sourcecode.swift; path = ETATableViewCell.swift; sourceTree = "<group>"; };
		85A7B59B1B504D6200EE0611 /* AttractionsVC.swift */ = {isa = PBXFileReference; fileEncoding = 4; lastKnownFileType = sourcecode.swift; path = AttractionsVC.swift; sourceTree = "<group>"; };
		85A7B5A71B508B1000EE0611 /* AttractionsDetailViewController.swift */ = {isa = PBXFileReference; fileEncoding = 4; lastKnownFileType = sourcecode.swift; path = AttractionsDetailViewController.swift; sourceTree = "<group>"; };
		85BED0D91B6EF56500413EE4 /* categories.json */ = {isa = PBXFileReference; fileEncoding = 4; lastKnownFileType = text.json; path = categories.json; sourceTree = "<group>"; };
		85C7E0351B6C3D3C00E2F3A2 /* YelpClient.swift */ = {isa = PBXFileReference; fileEncoding = 4; lastKnownFileType = sourcecode.swift; path = YelpClient.swift; sourceTree = "<group>"; };
		85DC1B4B1B54E6C500DA8ABB /* CustomCategoryCell.swift */ = {isa = PBXFileReference; fileEncoding = 4; lastKnownFileType = sourcecode.swift; path = CustomCategoryCell.swift; sourceTree = "<group>"; };
		85DC42DE1B9149A800CB72B2 /* YelpTableViewController.swift */ = {isa = PBXFileReference; fileEncoding = 4; lastKnownFileType = sourcecode.swift; path = YelpTableViewController.swift; sourceTree = "<group>"; };
		85DC42E11B914B8A00CB72B2 /* YelpTableBusinessCell.swift */ = {isa = PBXFileReference; fileEncoding = 4; lastKnownFileType = sourcecode.swift; path = YelpTableBusinessCell.swift; sourceTree = "<group>"; };
		85DC42E31B915BBD00CB72B2 /* Business.swift */ = {isa = PBXFileReference; fileEncoding = 4; lastKnownFileType = sourcecode.swift; path = Business.swift; sourceTree = "<group>"; };
		85DCCFFA1B54A32100188C4D /* CustomCellTableViewCell.swift */ = {isa = PBXFileReference; fileEncoding = 4; lastKnownFileType = sourcecode.swift; path = CustomCellTableViewCell.swift; sourceTree = "<group>"; };
		85DCCFFC1B54A52F00188C4D /* CategoryModel.swift */ = {isa = PBXFileReference; fileEncoding = 4; lastKnownFileType = sourcecode.swift; path = CategoryModel.swift; sourceTree = "<group>"; };
		85E84C4C1B4C35C300614FB3 /* VCMapView.swift */ = {isa = PBXFileReference; fileEncoding = 4; lastKnownFileType = sourcecode.swift; path = VCMapView.swift; sourceTree = "<group>"; };
		85E84C501B4C60DB00614FB3 /* Annotation.swift */ = {isa = PBXFileReference; fileEncoding = 4; lastKnownFileType = sourcecode.swift; path = Annotation.swift; sourceTree = "<group>"; };
		85EC7B9B1B92EFCA0042FF5B /* PinnedLocationTableViewCell.swift */ = {isa = PBXFileReference; fileEncoding = 4; lastKnownFileType = sourcecode.swift; path = PinnedLocationTableViewCell.swift; sourceTree = "<group>"; };
		85FE497C1B922DEA00820FC4 /* RedoneShape.png */ = {isa = PBXFileReference; lastKnownFileType = image.png; path = RedoneShape.png; sourceTree = "<group>"; };
		85FE497E1B922F0A00820FC4 /* ExampleBusiness */ = {isa = PBXFileReference; fileEncoding = 4; lastKnownFileType = text; path = ExampleBusiness; sourceTree = "<group>"; };
		85FE49801B9232EC00820FC4 /* blur background.png */ = {isa = PBXFileReference; lastKnownFileType = image.png; path = "blur background.png"; sourceTree = "<group>"; };
		85FE49821B92333200820FC4 /* BlackBackgroundWithBlurr.pdf */ = {isa = PBXFileReference; lastKnownFileType = image.pdf; path = BlackBackgroundWithBlurr.pdf; sourceTree = "<group>"; };
		85FE49841B923D8100820FC4 /* YelpInfoDirectionCell.swift */ = {isa = PBXFileReference; fileEncoding = 4; lastKnownFileType = sourcecode.swift; path = YelpInfoDirectionCell.swift; sourceTree = "<group>"; };
		85FE49861B923D9700820FC4 /* YelpInfoContactCell.swift */ = {isa = PBXFileReference; fileEncoding = 4; lastKnownFileType = sourcecode.swift; path = YelpInfoContactCell.swift; sourceTree = "<group>"; };
		85FE49881B923DA800820FC4 /* YelpInfoInfoCell.swift */ = {isa = PBXFileReference; fileEncoding = 4; lastKnownFileType = sourcecode.swift; path = YelpInfoInfoCell.swift; sourceTree = "<group>"; };
		AC0035E26DF0CA88F2345514 /* libPods-Park 'N Go.a */ = {isa = PBXFileReference; explicitFileType = archive.ar; includeInIndex = 0; path = "libPods-Park 'N Go.a"; sourceTree = BUILT_PRODUCTS_DIR; };
/* End PBXFileReference section */

/* Begin PBXFrameworksBuildPhase section */
		8550DE221B47478F0074A71C /* Frameworks */ = {
			isa = PBXFrameworksBuildPhase;
			buildActionMask = 2147483647;
			files = (
				8550DE4B1B4749FA0074A71C /* CoreLocation.framework in Frameworks */,
				ED79BBF91EDE9166BE9DDE3A /* libPods-Park 'N Go.a in Frameworks */,
			);
			runOnlyForDeploymentPostprocessing = 0;
		};
		8550DE371B47478F0074A71C /* Frameworks */ = {
			isa = PBXFrameworksBuildPhase;
			buildActionMask = 2147483647;
			files = (
			);
			runOnlyForDeploymentPostprocessing = 0;
		};
/* End PBXFrameworksBuildPhase section */

/* Begin PBXGroup section */
		852853E91BA8969E00DFB788 /* SWNavigation */ = {
			isa = PBXGroup;
			children = (
				852853EA1BA896C400DFB788 /* SWRevealViewController.h */,
				852853EB1BA896C400DFB788 /* SWRevealViewController.m */,
			);
			name = SWNavigation;
			sourceTree = "<group>";
		};
		8550DE1C1B47478F0074A71C = {
			isa = PBXGroup;
			children = (
				8550DE4A1B4749FA0074A71C /* CoreLocation.framework */,
				8550DE271B47478F0074A71C /* Park 'N Go */,
				8550DE3D1B47478F0074A71C /* Park 'N GoTests */,
				8550DE261B47478F0074A71C /* Products */,
				FF64B5013363A62D4F6DAB28 /* Pods */,
				F4694B284863B4AAD61F7A8E /* Frameworks */,
			);
			sourceTree = "<group>";
		};
		8550DE261B47478F0074A71C /* Products */ = {
			isa = PBXGroup;
			children = (
				8550DE251B47478F0074A71C /* Park 'N Go.app */,
				8550DE3A1B47478F0074A71C /* Park 'N GoTests.xctest */,
			);
			name = Products;
			sourceTree = "<group>";
		};
		8550DE271B47478F0074A71C /* Park 'N Go */ = {
			isa = PBXGroup;
			children = (
				852853E91BA8969E00DFB788 /* SWNavigation */,
				85BE522E1B5B5918006C351B /* YelpAPI */,
				85630AB51B502CAA000DE1BD /* ViewControllers */,
				855980DB1B55DDF30071F120 /* Models */,
				855980DC1B55DE080071F120 /* Custom Cells */,
				8550DE2A1B47478F0074A71C /* AppDelegate.swift */,
				85E84C501B4C60DB00614FB3 /* Annotation.swift */,
				8550DE2E1B47478F0074A71C /* Main.storyboard */,
				855980E71B5AEF2B0071F120 /* Graphics */,
				8550DE311B47478F0074A71C /* Images.xcassets */,
				219A73431B951EF5008BAFE6 /* Traffic.png */,
				85FE49821B92333200820FC4 /* BlackBackgroundWithBlurr.pdf */,
				85FE49801B9232EC00820FC4 /* blur background.png */,
				85FE497C1B922DEA00820FC4 /* RedoneShape.png */,
				8550DE331B47478F0074A71C /* LaunchScreen.xib */,
				8550DE281B47478F0074A71C /* Supporting Files */,
				8579AEB71B5E155C00BFBCF0 /* Park 'N Go-Bridging-Header.h */,
			);
			path = "Park 'N Go";
			sourceTree = "<group>";
		};
		8550DE281B47478F0074A71C /* Supporting Files */ = {
			isa = PBXGroup;
			children = (
				8550DE291B47478F0074A71C /* Info.plist */,
			);
			name = "Supporting Files";
			sourceTree = "<group>";
		};
		8550DE3D1B47478F0074A71C /* Park 'N GoTests */ = {
			isa = PBXGroup;
			children = (
				8550DE401B47478F0074A71C /* Park__N_GoTests.swift */,
				8550DE3E1B47478F0074A71C /* Supporting Files */,
			);
			path = "Park 'N GoTests";
			sourceTree = "<group>";
		};
		8550DE3E1B47478F0074A71C /* Supporting Files */ = {
			isa = PBXGroup;
			children = (
				8550DE3F1B47478F0074A71C /* Info.plist */,
			);
			name = "Supporting Files";
			sourceTree = "<group>";
		};
		855980DB1B55DDF30071F120 /* Models */ = {
			isa = PBXGroup;
			children = (
				85FE497E1B922F0A00820FC4 /* ExampleBusiness */,
				85DCCFFC1B54A52F00188C4D /* CategoryModel.swift */,
				850A45DE1B6C4240008D30E0 /* Resturant.swift */,
				85DC42E31B915BBD00CB72B2 /* Business.swift */,
			);
			name = Models;
			sourceTree = "<group>";
		};
		855980DC1B55DE080071F120 /* Custom Cells */ = {
			isa = PBXGroup;
			children = (
				85DC42E11B914B8A00CB72B2 /* YelpTableBusinessCell.swift */,
				85DC1B4B1B54E6C500DA8ABB /* CustomCategoryCell.swift */,
				85DCCFFA1B54A32100188C4D /* CustomCellTableViewCell.swift */,
				85FE49841B923D8100820FC4 /* YelpInfoDirectionCell.swift */,
				85FE49861B923D9700820FC4 /* YelpInfoContactCell.swift */,
				85FE49881B923DA800820FC4 /* YelpInfoInfoCell.swift */,
				85EC7B9B1B92EFCA0042FF5B /* PinnedLocationTableViewCell.swift */,
				857C5D321B9AAD99004796AF /* DistanceTableViewCell.swift */,
				857C5D341B9AADC1004796AF /* ETATableViewCell.swift */,
			);
			name = "Custom Cells";
			sourceTree = "<group>";
		};
		855980E71B5AEF2B0071F120 /* Graphics */ = {
			isa = PBXGroup;
			children = (
			);
			name = Graphics;
			sourceTree = "<group>";
		};
		85630AB51B502CAA000DE1BD /* ViewControllers */ = {
			isa = PBXGroup;
			children = (
				85E84C4C1B4C35C300614FB3 /* VCMapView.swift */,
				8509B5081B4CA225001C4AE8 /* detailViewController.swift */,
				8550DE2C1B47478F0074A71C /* ViewController.swift */,
				85630AB31B4E0144000DE1BD /* VCDetailMapView.swift */,
				85A7B59B1B504D6200EE0611 /* AttractionsVC.swift */,
				85A7B5A71B508B1000EE0611 /* AttractionsDetailViewController.swift */,
				85DC42DE1B9149A800CB72B2 /* YelpTableViewController.swift */,
				85556FB21BA3D4F40011C401 /* SettingsTableViewController.swift */,
				850465911BA7E4A700F6596A /* SideBar.swift */,
				850465921BA7E4A700F6596A /* SideBarTableViewController.swift */,
				852853F31BA8BCE400DFB788 /* BackTableVC.swift */,
			);
			name = ViewControllers;
			sourceTree = "<group>";
		};
		85BE522E1B5B5918006C351B /* YelpAPI */ = {
			isa = PBXGroup;
			children = (
				85BED0D91B6EF56500413EE4 /* categories.json */,
				850A45E01B6C790A008D30E0 /* YelpBusiness.swift */,
				85C7E0351B6C3D3C00E2F3A2 /* YelpClient.swift */,
			);
			name = YelpAPI;
			sourceTree = "<group>";
		};
		F4694B284863B4AAD61F7A8E /* Frameworks */ = {
			isa = PBXGroup;
			children = (
				AC0035E26DF0CA88F2345514 /* libPods-Park 'N Go.a */,
			);
			name = Frameworks;
			sourceTree = "<group>";
		};
		FF64B5013363A62D4F6DAB28 /* Pods */ = {
			isa = PBXGroup;
			children = (
				48083750E2C542F3A1308F6F /* Pods-Park 'N Go.debug.xcconfig */,
				612978662B9A9602632F4E0D /* Pods-Park 'N Go.release.xcconfig */,
			);
			name = Pods;
			sourceTree = "<group>";
		};
/* End PBXGroup section */

/* Begin PBXNativeTarget section */
		8550DE241B47478F0074A71C /* Park 'N Go */ = {
			isa = PBXNativeTarget;
			buildConfigurationList = 8550DE441B47478F0074A71C /* Build configuration list for PBXNativeTarget "Park 'N Go" */;
			buildPhases = (
				996ABBEAC33B57136751D56F /* Check Pods Manifest.lock */,
				8550DE211B47478F0074A71C /* Sources */,
				8550DE221B47478F0074A71C /* Frameworks */,
				8550DE231B47478F0074A71C /* Resources */,
				94931556853724EBB938ABBE /* Copy Pods Resources */,
				852853F51BA8D21B00DFB788 /* ShellScript */,
				2023254854466EE46E071472 /* Embed Pods Frameworks */,
			);
			buildRules = (
			);
			dependencies = (
			);
			name = "Park 'N Go";
			productName = "Park 'N Go";
			productReference = 8550DE251B47478F0074A71C /* Park 'N Go.app */;
			productType = "com.apple.product-type.application";
		};
		8550DE391B47478F0074A71C /* Park 'N GoTests */ = {
			isa = PBXNativeTarget;
			buildConfigurationList = 8550DE471B47478F0074A71C /* Build configuration list for PBXNativeTarget "Park 'N GoTests" */;
			buildPhases = (
				8550DE361B47478F0074A71C /* Sources */,
				8550DE371B47478F0074A71C /* Frameworks */,
				8550DE381B47478F0074A71C /* Resources */,
			);
			buildRules = (
			);
			dependencies = (
				8550DE3C1B47478F0074A71C /* PBXTargetDependency */,
			);
			name = "Park 'N GoTests";
			productName = "Park 'N GoTests";
			productReference = 8550DE3A1B47478F0074A71C /* Park 'N GoTests.xctest */;
			productType = "com.apple.product-type.bundle.unit-test";
		};
/* End PBXNativeTarget section */

/* Begin PBXProject section */
		8550DE1D1B47478F0074A71C /* Project object */ = {
			isa = PBXProject;
			attributes = {
				LastSwiftUpdateCheck = 0700;
				LastUpgradeCheck = 0700;
				ORGANIZATIONNAME = "Shaheen Sharifian";
				TargetAttributes = {
					8550DE241B47478F0074A71C = {
						CreatedOnToolsVersion = 6.3.2;
					};
					8550DE391B47478F0074A71C = {
						CreatedOnToolsVersion = 6.3.2;
						TestTargetID = 8550DE241B47478F0074A71C;
					};
				};
			};
			buildConfigurationList = 8550DE201B47478F0074A71C /* Build configuration list for PBXProject "Park 'N Go" */;
			compatibilityVersion = "Xcode 3.2";
			developmentRegion = English;
			hasScannedForEncodings = 0;
			knownRegions = (
				en,
				Base,
			);
			mainGroup = 8550DE1C1B47478F0074A71C;
			productRefGroup = 8550DE261B47478F0074A71C /* Products */;
			projectDirPath = "";
			projectRoot = "";
			targets = (
				8550DE241B47478F0074A71C /* Park 'N Go */,
				8550DE391B47478F0074A71C /* Park 'N GoTests */,
			);
		};
/* End PBXProject section */

/* Begin PBXResourcesBuildPhase section */
		8550DE231B47478F0074A71C /* Resources */ = {
			isa = PBXResourcesBuildPhase;
			buildActionMask = 2147483647;
			files = (
				85BED0DA1B6EF56500413EE4 /* categories.json in Resources */,
				8550DE301B47478F0074A71C /* Main.storyboard in Resources */,
				85FE49811B9232EC00820FC4 /* blur background.png in Resources */,
				85FE49831B92333200820FC4 /* BlackBackgroundWithBlurr.pdf in Resources */,
				85FE497F1B922F0A00820FC4 /* ExampleBusiness in Resources */,
				8550DE351B47478F0074A71C /* LaunchScreen.xib in Resources */,
				85FE497D1B922DEA00820FC4 /* RedoneShape.png in Resources */,
				219A73441B951EF5008BAFE6 /* Traffic.png in Resources */,
				8550DE321B47478F0074A71C /* Images.xcassets in Resources */,
			);
			runOnlyForDeploymentPostprocessing = 0;
		};
		8550DE381B47478F0074A71C /* Resources */ = {
			isa = PBXResourcesBuildPhase;
			buildActionMask = 2147483647;
			files = (
			);
			runOnlyForDeploymentPostprocessing = 0;
		};
/* End PBXResourcesBuildPhase section */

/* Begin PBXShellScriptBuildPhase section */
		2023254854466EE46E071472 /* Embed Pods Frameworks */ = {
			isa = PBXShellScriptBuildPhase;
			buildActionMask = 2147483647;
			files = (
			);
			inputPaths = (
			);
			name = "Embed Pods Frameworks";
			outputPaths = (
			);
			runOnlyForDeploymentPostprocessing = 0;
			shellPath = /bin/sh;
			shellScript = "\"${SRCROOT}/Pods/Target Support Files/Pods-Park 'N Go/Pods-Park 'N Go-frameworks.sh\"\n";
			showEnvVarsInLog = 0;
		};
		852853F51BA8D21B00DFB788 /* ShellScript */ = {
			isa = PBXShellScriptBuildPhase;
			buildActionMask = 8;
			files = (
			);
			inputPaths = (
			);
			outputPaths = (
			);
			runOnlyForDeploymentPostprocessing = 1;
			shellPath = /bin/sh;
			shellScript = "\"${PODS_ROOT}/Fabric/Fabric.framework/run\" f273194f5621deb51da401e0b9b45f1b40e5ac3d 9d82fbb6367d79acbec80e1e8d6bf213beb6e17d0c4a48f9888c93e7812875f5";
		};
		94931556853724EBB938ABBE /* Copy Pods Resources */ = {
			isa = PBXShellScriptBuildPhase;
			buildActionMask = 2147483647;
			files = (
			);
			inputPaths = (
			);
			name = "Copy Pods Resources";
			outputPaths = (
			);
			runOnlyForDeploymentPostprocessing = 0;
			shellPath = /bin/sh;
			shellScript = "\"${SRCROOT}/Pods/Target Support Files/Pods-Park 'N Go/Pods-Park 'N Go-resources.sh\"\n";
			showEnvVarsInLog = 0;
		};
		996ABBEAC33B57136751D56F /* Check Pods Manifest.lock */ = {
			isa = PBXShellScriptBuildPhase;
			buildActionMask = 2147483647;
			files = (
			);
			inputPaths = (
			);
			name = "Check Pods Manifest.lock";
			outputPaths = (
			);
			runOnlyForDeploymentPostprocessing = 0;
			shellPath = /bin/sh;
			shellScript = "diff \"${PODS_ROOT}/../Podfile.lock\" \"${PODS_ROOT}/Manifest.lock\" > /dev/null\nif [[ $? != 0 ]] ; then\n    cat << EOM\nerror: The sandbox is not in sync with the Podfile.lock. Run 'pod install' or update your CocoaPods installation.\nEOM\n    exit 1\nfi\n";
			showEnvVarsInLog = 0;
		};
/* End PBXShellScriptBuildPhase section */

/* Begin PBXSourcesBuildPhase section */
		8550DE211B47478F0074A71C /* Sources */ = {
			isa = PBXSourcesBuildPhase;
			buildActionMask = 2147483647;
			files = (
				85DC42E21B914B8A00CB72B2 /* YelpTableBusinessCell.swift in Sources */,
				850465941BA7E4A700F6596A /* SideBarTableViewController.swift in Sources */,
				85E84C4D1B4C35C300614FB3 /* VCMapView.swift in Sources */,
				85DC1B4C1B54E6C500DA8ABB /* CustomCategoryCell.swift in Sources */,
				85FE49871B923D9700820FC4 /* YelpInfoContactCell.swift in Sources */,
				85DCCFFD1B54A52F00188C4D /* CategoryModel.swift in Sources */,
				855980F31B5B4E9A0071F120 /* (null) in Sources */,
				852853EC1BA896C400DFB788 /* SWRevealViewController.m in Sources */,
				85FE49851B923D8100820FC4 /* YelpInfoDirectionCell.swift in Sources */,
				8550DE2D1B47478F0074A71C /* ViewController.swift in Sources */,
				85DCCFFB1B54A32100188C4D /* CustomCellTableViewCell.swift in Sources */,
				85C7E0361B6C3D3C00E2F3A2 /* YelpClient.swift in Sources */,
				85E84C511B4C60DB00614FB3 /* Annotation.swift in Sources */,
				85556FB31BA3D4F40011C401 /* SettingsTableViewController.swift in Sources */,
				85A7B5A81B508B1000EE0611 /* AttractionsDetailViewController.swift in Sources */,
				85EC7B9C1B92EFCA0042FF5B /* PinnedLocationTableViewCell.swift in Sources */,
				852853F41BA8BCE400DFB788 /* BackTableVC.swift in Sources */,
				850A45DF1B6C4240008D30E0 /* Resturant.swift in Sources */,
				857C5D351B9AADC1004796AF /* ETATableViewCell.swift in Sources */,
				85630AB41B4E0144000DE1BD /* VCDetailMapView.swift in Sources */,
				85DC42E41B915BBD00CB72B2 /* Business.swift in Sources */,
				857C5D331B9AAD99004796AF /* DistanceTableViewCell.swift in Sources */,
				85A7B59C1B504D6200EE0611 /* AttractionsVC.swift in Sources */,
				850465931BA7E4A700F6596A /* SideBar.swift in Sources */,
				850A45E11B6C790A008D30E0 /* YelpBusiness.swift in Sources */,
				85DC42DF1B9149A800CB72B2 /* YelpTableViewController.swift in Sources */,
				8509B5091B4CA225001C4AE8 /* detailViewController.swift in Sources */,
				8550DE2B1B47478F0074A71C /* AppDelegate.swift in Sources */,
				85FE49891B923DA800820FC4 /* YelpInfoInfoCell.swift in Sources */,
			);
			runOnlyForDeploymentPostprocessing = 0;
		};
		8550DE361B47478F0074A71C /* Sources */ = {
			isa = PBXSourcesBuildPhase;
			buildActionMask = 2147483647;
			files = (
				8550DE411B47478F0074A71C /* Park__N_GoTests.swift in Sources */,
			);
			runOnlyForDeploymentPostprocessing = 0;
		};
/* End PBXSourcesBuildPhase section */

/* Begin PBXTargetDependency section */
		8550DE3C1B47478F0074A71C /* PBXTargetDependency */ = {
			isa = PBXTargetDependency;
			target = 8550DE241B47478F0074A71C /* Park 'N Go */;
			targetProxy = 8550DE3B1B47478F0074A71C /* PBXContainerItemProxy */;
		};
/* End PBXTargetDependency section */

/* Begin PBXVariantGroup section */
		8550DE2E1B47478F0074A71C /* Main.storyboard */ = {
			isa = PBXVariantGroup;
			children = (
				8550DE2F1B47478F0074A71C /* Base */,
			);
			name = Main.storyboard;
			sourceTree = "<group>";
		};
		8550DE331B47478F0074A71C /* LaunchScreen.xib */ = {
			isa = PBXVariantGroup;
			children = (
				8550DE341B47478F0074A71C /* Base */,
			);
			name = LaunchScreen.xib;
			sourceTree = "<group>";
		};
/* End PBXVariantGroup section */

/* Begin XCBuildConfiguration section */
		8550DE421B47478F0074A71C /* Debug */ = {
			isa = XCBuildConfiguration;
			buildSettings = {
				ALWAYS_SEARCH_USER_PATHS = NO;
				CLANG_CXX_LANGUAGE_STANDARD = "gnu++0x";
				CLANG_CXX_LIBRARY = "libc++";
				CLANG_ENABLE_MODULES = YES;
				CLANG_ENABLE_OBJC_ARC = YES;
				CLANG_WARN_BOOL_CONVERSION = YES;
				CLANG_WARN_CONSTANT_CONVERSION = YES;
				CLANG_WARN_DIRECT_OBJC_ISA_USAGE = YES_ERROR;
				CLANG_WARN_EMPTY_BODY = YES;
				CLANG_WARN_ENUM_CONVERSION = YES;
				CLANG_WARN_INT_CONVERSION = YES;
				CLANG_WARN_OBJC_ROOT_CLASS = YES_ERROR;
				CLANG_WARN_UNREACHABLE_CODE = YES;
				CLANG_WARN__DUPLICATE_METHOD_MATCH = YES;
				"CODE_SIGN_IDENTITY[sdk=iphoneos*]" = "iPhone Developer";
				COPY_PHASE_STRIP = NO;
				DEBUG_INFORMATION_FORMAT = "dwarf-with-dsym";
				ENABLE_STRICT_OBJC_MSGSEND = YES;
				ENABLE_TESTABILITY = YES;
				GCC_C_LANGUAGE_STANDARD = gnu99;
				GCC_DYNAMIC_NO_PIC = NO;
				GCC_NO_COMMON_BLOCKS = YES;
				GCC_OPTIMIZATION_LEVEL = 0;
				GCC_PREPROCESSOR_DEFINITIONS = (
					"DEBUG=1",
					"$(inherited)",
				);
				GCC_SYMBOLS_PRIVATE_EXTERN = NO;
				GCC_WARN_64_TO_32_BIT_CONVERSION = YES;
				GCC_WARN_ABOUT_RETURN_TYPE = YES_ERROR;
				GCC_WARN_UNDECLARED_SELECTOR = YES;
				GCC_WARN_UNINITIALIZED_AUTOS = YES_AGGRESSIVE;
				GCC_WARN_UNUSED_FUNCTION = YES;
				GCC_WARN_UNUSED_VARIABLE = YES;
				IPHONEOS_DEPLOYMENT_TARGET = 8.3;
				MTL_ENABLE_DEBUG_INFO = YES;
				ONLY_ACTIVE_ARCH = YES;
				SDKROOT = iphoneos;
				SWIFT_OPTIMIZATION_LEVEL = "-Onone";
			};
			name = Debug;
		};
		8550DE431B47478F0074A71C /* Release */ = {
			isa = XCBuildConfiguration;
			buildSettings = {
				ALWAYS_SEARCH_USER_PATHS = NO;
				CLANG_CXX_LANGUAGE_STANDARD = "gnu++0x";
				CLANG_CXX_LIBRARY = "libc++";
				CLANG_ENABLE_MODULES = YES;
				CLANG_ENABLE_OBJC_ARC = YES;
				CLANG_WARN_BOOL_CONVERSION = YES;
				CLANG_WARN_CONSTANT_CONVERSION = YES;
				CLANG_WARN_DIRECT_OBJC_ISA_USAGE = YES_ERROR;
				CLANG_WARN_EMPTY_BODY = YES;
				CLANG_WARN_ENUM_CONVERSION = YES;
				CLANG_WARN_INT_CONVERSION = YES;
				CLANG_WARN_OBJC_ROOT_CLASS = YES_ERROR;
				CLANG_WARN_UNREACHABLE_CODE = YES;
				CLANG_WARN__DUPLICATE_METHOD_MATCH = YES;
				"CODE_SIGN_IDENTITY[sdk=iphoneos*]" = "iPhone Developer";
				COPY_PHASE_STRIP = NO;
				DEBUG_INFORMATION_FORMAT = "dwarf-with-dsym";
				ENABLE_NS_ASSERTIONS = NO;
				ENABLE_STRICT_OBJC_MSGSEND = YES;
				GCC_C_LANGUAGE_STANDARD = gnu99;
				GCC_NO_COMMON_BLOCKS = YES;
				GCC_WARN_64_TO_32_BIT_CONVERSION = YES;
				GCC_WARN_ABOUT_RETURN_TYPE = YES_ERROR;
				GCC_WARN_UNDECLARED_SELECTOR = YES;
				GCC_WARN_UNINITIALIZED_AUTOS = YES_AGGRESSIVE;
				GCC_WARN_UNUSED_FUNCTION = YES;
				GCC_WARN_UNUSED_VARIABLE = YES;
				IPHONEOS_DEPLOYMENT_TARGET = 8.3;
				MTL_ENABLE_DEBUG_INFO = NO;
				SDKROOT = iphoneos;
				VALIDATE_PRODUCT = YES;
			};
			name = Release;
		};
		8550DE451B47478F0074A71C /* Debug */ = {
			isa = XCBuildConfiguration;
			baseConfigurationReference = 48083750E2C542F3A1308F6F /* Pods-Park 'N Go.debug.xcconfig */;
			buildSettings = {
				ASSETCATALOG_COMPILER_APPICON_NAME = AppIcon;
				CLANG_ENABLE_MODULES = YES;
				INFOPLIST_FILE = "Park 'N Go/Info.plist";
				LD_RUNPATH_SEARCH_PATHS = "$(inherited) @executable_path/Frameworks";
				PRODUCT_BUNDLE_IDENTIFIER = "Dangoware.$(PRODUCT_NAME:rfc1034identifier)";
				PRODUCT_NAME = "$(TARGET_NAME)";
				SWIFT_OBJC_BRIDGING_HEADER = "Park 'N Go/Park 'N Go-Bridging-Header.h";
				SWIFT_OPTIMIZATION_LEVEL = "-Onone";
			};
			name = Debug;
		};
		8550DE461B47478F0074A71C /* Release */ = {
			isa = XCBuildConfiguration;
			baseConfigurationReference = 612978662B9A9602632F4E0D /* Pods-Park 'N Go.release.xcconfig */;
			buildSettings = {
				ASSETCATALOG_COMPILER_APPICON_NAME = AppIcon;
				CLANG_ENABLE_MODULES = YES;
				INFOPLIST_FILE = "Park 'N Go/Info.plist";
				LD_RUNPATH_SEARCH_PATHS = "$(inherited) @executable_path/Frameworks";
				PRODUCT_BUNDLE_IDENTIFIER = "Dangoware.$(PRODUCT_NAME:rfc1034identifier)";
				PRODUCT_NAME = "$(TARGET_NAME)";
				SWIFT_OBJC_BRIDGING_HEADER = "Park 'N Go/Park 'N Go-Bridging-Header.h";
			};
			name = Release;
		};
		8550DE481B47478F0074A71C /* Debug */ = {
			isa = XCBuildConfiguration;
			buildSettings = {
				BUNDLE_LOADER = "$(TEST_HOST)";
				FRAMEWORK_SEARCH_PATHS = (
					"$(SDKROOT)/Developer/Library/Frameworks",
					"$(inherited)",
				);
				GCC_PREPROCESSOR_DEFINITIONS = (
					"DEBUG=1",
					"$(inherited)",
				);
				INFOPLIST_FILE = "Park 'N GoTests/Info.plist";
				LD_RUNPATH_SEARCH_PATHS = "$(inherited) @executable_path/Frameworks @loader_path/Frameworks";
				PRODUCT_BUNDLE_IDENTIFIER = "Dangoware.$(PRODUCT_NAME:rfc1034identifier)";
				PRODUCT_NAME = "$(TARGET_NAME)";
				TEST_HOST = "$(BUILT_PRODUCTS_DIR)/Park 'N Go.app/Park 'N Go";
			};
			name = Debug;
		};
		8550DE491B47478F0074A71C /* Release */ = {
			isa = XCBuildConfiguration;
			buildSettings = {
				BUNDLE_LOADER = "$(TEST_HOST)";
				FRAMEWORK_SEARCH_PATHS = (
					"$(SDKROOT)/Developer/Library/Frameworks",
					"$(inherited)",
				);
				INFOPLIST_FILE = "Park 'N GoTests/Info.plist";
				LD_RUNPATH_SEARCH_PATHS = "$(inherited) @executable_path/Frameworks @loader_path/Frameworks";
				PRODUCT_BUNDLE_IDENTIFIER = "Dangoware.$(PRODUCT_NAME:rfc1034identifier)";
				PRODUCT_NAME = "$(TARGET_NAME)";
				TEST_HOST = "$(BUILT_PRODUCTS_DIR)/Park 'N Go.app/Park 'N Go";
			};
			name = Release;
		};
/* End XCBuildConfiguration section */

/* Begin XCConfigurationList section */
		8550DE201B47478F0074A71C /* Build configuration list for PBXProject "Park 'N Go" */ = {
			isa = XCConfigurationList;
			buildConfigurations = (
				8550DE421B47478F0074A71C /* Debug */,
				8550DE431B47478F0074A71C /* Release */,
			);
			defaultConfigurationIsVisible = 0;
			defaultConfigurationName = Release;
		};
		8550DE441B47478F0074A71C /* Build configuration list for PBXNativeTarget "Park 'N Go" */ = {
			isa = XCConfigurationList;
			buildConfigurations = (
				8550DE451B47478F0074A71C /* Debug */,
				8550DE461B47478F0074A71C /* Release */,
			);
			defaultConfigurationIsVisible = 0;
			defaultConfigurationName = Release;
		};
		8550DE471B47478F0074A71C /* Build configuration list for PBXNativeTarget "Park 'N GoTests" */ = {
			isa = XCConfigurationList;
			buildConfigurations = (
				8550DE481B47478F0074A71C /* Debug */,
				8550DE491B47478F0074A71C /* Release */,
			);
			defaultConfigurationIsVisible = 0;
			defaultConfigurationName = Release;
		};
/* End XCConfigurationList section */
	};
	rootObject = 8550DE1D1B47478F0074A71C /* Project object */;
}
